
Microsoft Visual Studio Solution File, Format Version 12.00
# Visual Studio Version 18
VisualStudioVersion = 18.9.12120.119
MinimumVisualStudioVersion = 10.0.40219.1
Project("{FAE04EC0-301F-11D3-BF4B-00C04F79EFBC}") = "DigitalWalletAPI", "DigitalWalletAPI\DigitalWalletAPI.csproj", "{EDB317DA-6FEA-F523-22CA-5D63A3EC31D8}"
EndProject
Project("{FAE04EC0-301F-11D3-BF4B-00C04F79EFBC}") = "DigitalWalletAPI.Test", "DigitalWalletAPI.Test\DigitalWalletAPI.Test.csproj", "{DC31F674-4F29-C757-5F4B-E11FB3B0A748}"
EndProject
Global
	GlobalSection(SolutionConfigurationPlatforms) = preSolution
		Debug|Any CPU = Debug|Any CPU
		Release|Any CPU = Release|Any CPU
	EndGlobalSection
	GlobalSection(ProjectConfigurationPlatforms) = postSolution
		{EDB317DA-6FEA-F523-22CA-5D63A3EC31D8}.Debug|Any CPU.ActiveCfg = Debug|Any CPU
		{EDB317DA-6FEA-F523-22CA-5D63A3EC31D8}.Debug|Any CPU.Build.0 = Debug|Any CPU
		{EDB317DA-6FEA-F523-22CA-5D63A3EC31D8}.Release|Any CPU.ActiveCfg = Release|Any CPU
		{EDB317DA-6FEA-F523-22CA-5D63A3EC31D8}.Release|Any CPU.Build.0 = Release|Any CPU
		{DC31F674-4F29-C757-5F4B-E11FB3B0A748}.Debug|Any CPU.ActiveCfg = Debug|Any CPU
		{DC31F674-4F29-C757-5F4B-E11FB3B0A748}.Debug|Any CPU.Build.0 = Debug|Any CPU
		{DC31F674-4F29-C757-5F4B-E11FB3B0A748}.Release|Any CPU.ActiveCfg = Release|Any CPU
		{DC31F674-4F29-C757-5F4B-E11FB3B0A748}.Release|Any CPU.Build.0 = Release|Any CPU
	EndGlobalSection
	GlobalSection(SolutionProperties) = preSolution
		HideSolutionNode = FALSE
	EndGlobalSection
	GlobalSection(ExtensibilityGlobals) = postSolution
		SolutionGuid = {35DB8214-F530-4D08-AD78-C937A3799B57}
	EndGlobalSection
EndGlobal
